
Microsoft Visual Studio Solution File, Format Version 12.00
# Visual Studio Version 16
VisualStudioVersion = 16.0.31829.152
MinimumVisualStudioVersion = 10.0.40219.1
Project("{FAE04EC0-301F-11D3-BF4B-00C04F79EFBC}") = "Test", "Test\Test.csproj", "{CF1CFE87-2753-40BC-8DD0-F62A3D956100}"
EndProject
Global
	GlobalSection(SolutionConfigurationPlatforms) = preSolution
		Debug|Any CPU = Debug|Any CPU
		Release|Any CPU = Release|Any CPU
	EndGlobalSection
	GlobalSection(ProjectConfigurationPlatforms) = postSolution
		{CF1CFE87-2753-40BC-8DD0-F62A3D956100}.Debug|Any CPU.ActiveCfg = Debug|Any CPU
		{CF1CFE87-2753-40BC-8DD0-F62A3D956100}.Debug|Any CPU.Build.0 = Debug|Any CPU
		{CF1CFE87-2753-40BC-8DD0-F62A3D956100}.Release|Any CPU.ActiveCfg = Release|Any CPU
		{CF1CFE87-2753-40BC-8DD0-F62A3D956100}.Release|Any CPU.Build.0 = Release|Any CPU
	EndGlobalSection
	GlobalSection(SolutionProperties) = preSolution
		HideSolutionNode = FALSE
	EndGlobalSection
	GlobalSection(ExtensibilityGlobals) = postSolution
		SolutionGuid = {DD69BAE0-9420-4940-9306-233297E1513B}
	EndGlobalSection
EndGlobal
